
Microsoft Visual Studio Solution File, Format Version 12.00
# Visual Studio Version 16
VisualStudioVersion = 16.0.29613.14
MinimumVisualStudioVersion = 10.0.40219.1
Project("{FAE04EC0-301F-11D3-BF4B-00C04F79EFBC}") = "AJaxTest", "AJaxTest\AJaxTest.csproj", "{A1532AA3-A2BD-4C95-B011-D262DDC17768}"
EndProject
Global
	GlobalSection(SolutionConfigurationPlatforms) = preSolution
		Debug|Any CPU = Debug|Any CPU
		Release|Any CPU = Release|Any CPU
	EndGlobalSection
	GlobalSection(ProjectConfigurationPlatforms) = postSolution
		{A1532AA3-A2BD-4C95-B011-D262DDC17768}.Debug|Any CPU.ActiveCfg = Debug|Any CPU
		{A1532AA3-A2BD-4C95-B011-D262DDC17768}.Debug|Any CPU.Build.0 = Debug|Any CPU
		{A1532AA3-A2BD-4C95-B011-D262DDC17768}.Release|Any CPU.ActiveCfg = Release|Any CPU
		{A1532AA3-A2BD-4C95-B011-D262DDC17768}.Release|Any CPU.Build.0 = Release|Any CPU
	EndGlobalSection
	GlobalSection(SolutionProperties) = preSolution
		HideSolutionNode = FALSE
	EndGlobalSection
	GlobalSection(ExtensibilityGlobals) = postSolution
		SolutionGuid = {D8BE2A5C-2437-4BA1-BEDA-8240A215DBAD}
	EndGlobalSection
EndGlobal
